
Microsoft Visual Studio Solution File, Format Version 11.00
# Visual Studio 2010
Project("{8BC9CEB8-8B4A-11D0-8D11-00A0C91BC942}") = "cabapp1", "cabapp1\cabapp1.vcxproj", "{87EEC5B5-4CD3-46A1-8C04-7E8FF852A33D}"
EndProject
Global
	GlobalSection(SolutionConfigurationPlatforms) = preSolution
		Debug|Win32 = Debug|Win32
		Release|Win32 = Release|Win32
	EndGlobalSection
	GlobalSection(ProjectConfigurationPlatforms) = postSolution
		{87EEC5B5-4CD3-46A1-8C04-7E8FF852A33D}.Debug|Win32.ActiveCfg = Debug|Win32
		{87EEC5B5-4CD3-46A1-8C04-7E8FF852A33D}.Debug|Win32.Build.0 = Debug|Win32
		{87EEC5B5-4CD3-46A1-8C04-7E8FF852A33D}.Release|Win32.ActiveCfg = Release|Win32
		{87EEC5B5-4CD3-46A1-8C04-7E8FF852A33D}.Release|Win32.Build.0 = Release|Win32
	EndGlobalSection
	GlobalSection(SolutionProperties) = preSolution
		HideSolutionNode = FALSE
	EndGlobalSection
EndGlobal
